
Microsoft Visual Studio Solution File, Format Version 12.00
# Visual Studio 15
VisualStudioVersion = 15.0.28307.421
MinimumVisualStudioVersion = 10.0.40219.1
Project("{FAE04EC0-301F-11D3-BF4B-00C04F79EFBC}") = "AssemblyExample", "AssemblyExample\AssemblyExample.csproj", "{C7FA69E4-3C07-48AD-BC18-F00807CFE5F1}"
EndProject
Project("{FAE04EC0-301F-11D3-BF4B-00C04F79EFBC}") = "ClassLibrary1", "ClassLibrary1\ClassLibrary1.csproj", "{52A9D744-F298-4081-A186-CA40A1326721}"
EndProject
Global
	GlobalSection(SolutionConfigurationPlatforms) = preSolution
		Debug|Any CPU = Debug|Any CPU
		Release|Any CPU = Release|Any CPU
	EndGlobalSection
	GlobalSection(ProjectConfigurationPlatforms) = postSolution
		{C7FA69E4-3C07-48AD-BC18-F00807CFE5F1}.Debug|Any CPU.ActiveCfg = Debug|Any CPU
		{C7FA69E4-3C07-48AD-BC18-F00807CFE5F1}.Debug|Any CPU.Build.0 = Debug|Any CPU
		{C7FA69E4-3C07-48AD-BC18-F00807CFE5F1}.Release|Any CPU.ActiveCfg = Release|Any CPU
		{C7FA69E4-3C07-48AD-BC18-F00807CFE5F1}.Release|Any CPU.Build.0 = Release|Any CPU
		{52A9D744-F298-4081-A186-CA40A1326721}.Debug|Any CPU.ActiveCfg = Debug|Any CPU
		{52A9D744-F298-4081-A186-CA40A1326721}.Debug|Any CPU.Build.0 = Debug|Any CPU
		{52A9D744-F298-4081-A186-CA40A1326721}.Release|Any CPU.ActiveCfg = Release|Any CPU
		{52A9D744-F298-4081-A186-CA40A1326721}.Release|Any CPU.Build.0 = Release|Any CPU
	EndGlobalSection
	GlobalSection(SolutionProperties) = preSolution
		HideSolutionNode = FALSE
	EndGlobalSection
	GlobalSection(ExtensibilityGlobals) = postSolution
		SolutionGuid = {B1E29BFC-A042-4E05-8102-0C25E3F95FBC}
	EndGlobalSection
EndGlobal
