
Microsoft Visual Studio Solution File, Format Version 12.00
# Visual Studio 15
VisualStudioVersion = 15.0.28307.421
MinimumVisualStudioVersion = 10.0.40219.1
Project("{FAE04EC0-301F-11D3-BF4B-00C04F79EFBC}") = "ABCCorp", "ABCCorp\ABCCorp.csproj", "{C07450CA-4A26-4EC0-BED1-2DBA60C3AC0C}"
EndProject
Global
	GlobalSection(SolutionConfigurationPlatforms) = preSolution
		Debug|Any CPU = Debug|Any CPU
		Release|Any CPU = Release|Any CPU
	EndGlobalSection
	GlobalSection(ProjectConfigurationPlatforms) = postSolution
		{C07450CA-4A26-4EC0-BED1-2DBA60C3AC0C}.Debug|Any CPU.ActiveCfg = Debug|Any CPU
		{C07450CA-4A26-4EC0-BED1-2DBA60C3AC0C}.Debug|Any CPU.Build.0 = Debug|Any CPU
		{C07450CA-4A26-4EC0-BED1-2DBA60C3AC0C}.Release|Any CPU.ActiveCfg = Release|Any CPU
		{C07450CA-4A26-4EC0-BED1-2DBA60C3AC0C}.Release|Any CPU.Build.0 = Release|Any CPU
	EndGlobalSection
	GlobalSection(SolutionProperties) = preSolution
		HideSolutionNode = FALSE
	EndGlobalSection
	GlobalSection(ExtensibilityGlobals) = postSolution
		SolutionGuid = {7970C704-0E95-4718-B174-DE941AB6E8CB}
	EndGlobalSection
EndGlobal
