
Microsoft Visual Studio Solution File, Format Version 12.00
# Visual Studio 15
VisualStudioVersion = 15.0.28307.421
MinimumVisualStudioVersion = 10.0.40219.1
Project("{FAE04EC0-301F-11D3-BF4B-00C04F79EFBC}") = "Array", "Array\Array.csproj", "{BD678EF3-947B-4342-8688-324099CFCCBE}"
EndProject
Global
	GlobalSection(SolutionConfigurationPlatforms) = preSolution
		Debug|Any CPU = Debug|Any CPU
		Release|Any CPU = Release|Any CPU
	EndGlobalSection
	GlobalSection(ProjectConfigurationPlatforms) = postSolution
		{BD678EF3-947B-4342-8688-324099CFCCBE}.Debug|Any CPU.ActiveCfg = Debug|Any CPU
		{BD678EF3-947B-4342-8688-324099CFCCBE}.Debug|Any CPU.Build.0 = Debug|Any CPU
		{BD678EF3-947B-4342-8688-324099CFCCBE}.Release|Any CPU.ActiveCfg = Release|Any CPU
		{BD678EF3-947B-4342-8688-324099CFCCBE}.Release|Any CPU.Build.0 = Release|Any CPU
	EndGlobalSection
	GlobalSection(SolutionProperties) = preSolution
		HideSolutionNode = FALSE
	EndGlobalSection
	GlobalSection(ExtensibilityGlobals) = postSolution
		SolutionGuid = {27507A10-EE8E-4617-BD76-863F73EAD43E}
	EndGlobalSection
EndGlobal
